{
  "name": "tsg-layout-generator",
  "lockfileVersion": 3,
  "requires": true,
  "packages": {
    "": {
      "dependencies": {
        "@types/google-apps-script": "^1.0.59",
        "tinyduration": "^3.3.0"
      },
      "devDependencies": {
        "typescript": "^4.9.5"
      }
    },
    "node_modules/@types/google-apps-script": {
      "version": "1.0.78",
      "resolved": "https://registry.npmjs.org/@types/google-apps-script/-/google-apps-script-1.0.78.tgz",
      "integrity": "sha512-JOTy4vjBQ+HfdtJMkfcNF5WM8RC3R6SVp90bd8BCFvNWSaQ7zzP3abOLuJSCwQHjt0hWftofckvhwEcZjZ4hcQ=="
    },
    "node_modules/tinyduration": {
      "version": "3.3.0",
      "resolved": "https://registry.npmjs.org/tinyduration/-/tinyduration-3.3.0.tgz",
      "integrity": "sha512-sLR0iVUnnnyGEX/a3jhTA0QMK7UvakBqQJFLiibiuEYL6U1L85W+qApTZj6DcL1uoWQntYuL0gExoe9NU5B3PA=="
    },
    "node_modules/typescript": {
      "version": "4.9.5",
      "resolved": "https://registry.npmjs.org/typescript/-/typescript-4.9.5.tgz",
      "integrity": "sha512-1FXk9E2Hm+QzZQ7z+McJiHL4NW1F2EzMu9Nq9i3zAaGqibafqYwCVU6WyWAuyQRRzOlxou8xZSyXLEN8oKj24g==",
      "dev": true,
      "bin": {
        "tsc": "bin/tsc",
        "tsserver": "bin/tsserver"
      },
      "engines": {
        "node": ">=4.2.0"
      }
    }
  }
}
